
Microsoft Visual Studio Solution File, Format Version 12.00
# Visual Studio Version 16
VisualStudioVersion = 16.0.30320.27
MinimumVisualStudioVersion = 10.0.40219.1
Project("{FAE04EC0-301F-11D3-BF4B-00C04F79EFBC}") = "ServicioWeb", "ServicioWeb\ServicioWeb.csproj", "{A1DE0991-4617-426D-AF22-4ABF000EB8E0}"
EndProject
Global
	GlobalSection(SolutionConfigurationPlatforms) = preSolution
		Debug|Any CPU = Debug|Any CPU
		Release|Any CPU = Release|Any CPU
	EndGlobalSection
	GlobalSection(ProjectConfigurationPlatforms) = postSolution
		{A1DE0991-4617-426D-AF22-4ABF000EB8E0}.Debug|Any CPU.ActiveCfg = Debug|Any CPU
		{A1DE0991-4617-426D-AF22-4ABF000EB8E0}.Debug|Any CPU.Build.0 = Debug|Any CPU
		{A1DE0991-4617-426D-AF22-4ABF000EB8E0}.Release|Any CPU.ActiveCfg = Release|Any CPU
		{A1DE0991-4617-426D-AF22-4ABF000EB8E0}.Release|Any CPU.Build.0 = Release|Any CPU
	EndGlobalSection
	GlobalSection(SolutionProperties) = preSolution
		HideSolutionNode = FALSE
	EndGlobalSection
	GlobalSection(ExtensibilityGlobals) = postSolution
		SolutionGuid = {29EF5674-939D-4DE1-BDB2-B08D317F9F59}
	EndGlobalSection
EndGlobal
